
Microsoft Visual Studio Solution File, Format Version 12.00
# Visual Studio Version 16
VisualStudioVersion = 16.0.33027.164
MinimumVisualStudioVersion = 10.0.40219.1
Project("{FAE04EC0-301F-11D3-BF4B-00C04F79EFBC}") = "Fitness", "Fitness\Fitness.csproj", "{8B22C982-DE36-4226-AA14-4D07A65227B5}"
EndProject
Project("{FAE04EC0-301F-11D3-BF4B-00C04F79EFBC}") = "FitnessBuisnessLogic", "FitnessBuisnessLogic\FitnessBuisnessLogic.csproj", "{E94F874A-9DCC-450A-BF65-57F5636FC596}"
EndProject
Global
	GlobalSection(SolutionConfigurationPlatforms) = preSolution
		Debug|Any CPU = Debug|Any CPU
		Release|Any CPU = Release|Any CPU
	EndGlobalSection
	GlobalSection(ProjectConfigurationPlatforms) = postSolution
		{8B22C982-DE36-4226-AA14-4D07A65227B5}.Debug|Any CPU.ActiveCfg = Debug|Any CPU
		{8B22C982-DE36-4226-AA14-4D07A65227B5}.Debug|Any CPU.Build.0 = Debug|Any CPU
		{8B22C982-DE36-4226-AA14-4D07A65227B5}.Release|Any CPU.ActiveCfg = Release|Any CPU
		{8B22C982-DE36-4226-AA14-4D07A65227B5}.Release|Any CPU.Build.0 = Release|Any CPU
		{E94F874A-9DCC-450A-BF65-57F5636FC596}.Debug|Any CPU.ActiveCfg = Debug|Any CPU
		{E94F874A-9DCC-450A-BF65-57F5636FC596}.Debug|Any CPU.Build.0 = Debug|Any CPU
		{E94F874A-9DCC-450A-BF65-57F5636FC596}.Release|Any CPU.ActiveCfg = Release|Any CPU
		{E94F874A-9DCC-450A-BF65-57F5636FC596}.Release|Any CPU.Build.0 = Release|Any CPU
	EndGlobalSection
	GlobalSection(SolutionProperties) = preSolution
		HideSolutionNode = FALSE
	EndGlobalSection
	GlobalSection(ExtensibilityGlobals) = postSolution
		SolutionGuid = {F749B63B-1B58-4FA4-90CE-ADCED23564C3}
	EndGlobalSection
EndGlobal
